
Microsoft Visual Studio Solution File, Format Version 12.00
# Visual Studio Version 17
VisualStudioVersion = 17.8.34511.84
MinimumVisualStudioVersion = 10.0.40219.1
Project("{FAE04EC0-301F-11D3-BF4B-00C04F79EFBC}") = "ScanEvent", "ScanEvent\ScanEvent.csproj", "{279C81C3-3C42-4DC3-81AB-A62E2D18CF58}"
EndProject
Global
	GlobalSection(SolutionConfigurationPlatforms) = preSolution
		Debug|Any CPU = Debug|Any CPU
		Release|Any CPU = Release|Any CPU
	EndGlobalSection
	GlobalSection(ProjectConfigurationPlatforms) = postSolution
		{279C81C3-3C42-4DC3-81AB-A62E2D18CF58}.Debug|Any CPU.ActiveCfg = Debug|Any CPU
		{279C81C3-3C42-4DC3-81AB-A62E2D18CF58}.Debug|Any CPU.Build.0 = Debug|Any CPU
		{279C81C3-3C42-4DC3-81AB-A62E2D18CF58}.Release|Any CPU.ActiveCfg = Release|Any CPU
		{279C81C3-3C42-4DC3-81AB-A62E2D18CF58}.Release|Any CPU.Build.0 = Release|Any CPU
	EndGlobalSection
	GlobalSection(SolutionProperties) = preSolution
		HideSolutionNode = FALSE
	EndGlobalSection
	GlobalSection(ExtensibilityGlobals) = postSolution
		SolutionGuid = {9C97119C-2DA9-43BF-89AE-223664536063}
	EndGlobalSection
EndGlobal
